
Microsoft Visual Studio Solution File, Format Version 12.00
# Visual Studio Version 17
VisualStudioVersion = 17.3.32922.545
MinimumVisualStudioVersion = 10.0.40219.1
Project("{FAE04EC0-301F-11D3-BF4B-00C04F79EFBC}") = "TheScientist", "TheScientist\TheScientist.csproj", "{E577BFA1-F30B-4493-AB1E-BA422CA08ECD}"
EndProject
Global
	GlobalSection(SolutionConfigurationPlatforms) = preSolution
		Debug|Any CPU = Debug|Any CPU
		Release|Any CPU = Release|Any CPU
	EndGlobalSection
	GlobalSection(ProjectConfigurationPlatforms) = postSolution
		{E577BFA1-F30B-4493-AB1E-BA422CA08ECD}.Debug|Any CPU.ActiveCfg = Debug|Any CPU
		{E577BFA1-F30B-4493-AB1E-BA422CA08ECD}.Debug|Any CPU.Build.0 = Debug|Any CPU
		{E577BFA1-F30B-4493-AB1E-BA422CA08ECD}.Release|Any CPU.ActiveCfg = Release|Any CPU
		{E577BFA1-F30B-4493-AB1E-BA422CA08ECD}.Release|Any CPU.Build.0 = Release|Any CPU
	EndGlobalSection
	GlobalSection(SolutionProperties) = preSolution
		HideSolutionNode = FALSE
	EndGlobalSection
	GlobalSection(ExtensibilityGlobals) = postSolution
		SolutionGuid = {D32ECB8A-9279-4E6A-8C89-5BEB5F7E3663}
	EndGlobalSection
EndGlobal
